
Microsoft Visual Studio Solution File, Format Version 12.00
# Visual Studio Version 16
VisualStudioVersion = 16.0.31402.337
MinimumVisualStudioVersion = 10.0.40219.1
Project("{FAE04EC0-301F-11D3-BF4B-00C04F79EFBC}") = "Rinaldo", "Rinaldo\Rinaldo.csproj", "{2590DBD8-27BC-4A4A-83B8-1BC900F64C2F}"
EndProject
Global
	GlobalSection(SolutionConfigurationPlatforms) = preSolution
		Debug|Any CPU = Debug|Any CPU
		Release|Any CPU = Release|Any CPU
	EndGlobalSection
	GlobalSection(ProjectConfigurationPlatforms) = postSolution
		{2590DBD8-27BC-4A4A-83B8-1BC900F64C2F}.Debug|Any CPU.ActiveCfg = Debug|Any CPU
		{2590DBD8-27BC-4A4A-83B8-1BC900F64C2F}.Debug|Any CPU.Build.0 = Debug|Any CPU
		{2590DBD8-27BC-4A4A-83B8-1BC900F64C2F}.Release|Any CPU.ActiveCfg = Release|Any CPU
		{2590DBD8-27BC-4A4A-83B8-1BC900F64C2F}.Release|Any CPU.Build.0 = Release|Any CPU
	EndGlobalSection
	GlobalSection(SolutionProperties) = preSolution
		HideSolutionNode = FALSE
	EndGlobalSection
	GlobalSection(ExtensibilityGlobals) = postSolution
		SolutionGuid = {9BC07BA5-4F05-4CE2-9B6B-871D50B3E21E}
	EndGlobalSection
EndGlobal
